
Microsoft Visual Studio Solution File, Format Version 12.00
Project("{2150E333-8FDC-42A3-9474-1A3956D46DE8}") = "src", "src", "{BE4B133D-1EE7-4BBB-9673-E20163803468}"
EndProject
Project("{2150E333-8FDC-42A3-9474-1A3956D46DE8}") = "docs", "docs", "{29BAF973-82ED-4812-838A-CE45539BC7CE}"
EndProject
Project("{2150E333-8FDC-42A3-9474-1A3956D46DE8}") = "test", "test", "{28D34799-C8B3-4E72-8F70-9FA0D5BEE21E}"
EndProject
Project("{FAE04EC0-301F-11D3-BF4B-00C04F79EFBC}") = "Rowbot", "src\Rowbot\Rowbot.csproj", "{9E1D7FC7-C0C9-4300-8090-C651C199C14C}"
EndProject
Project("{FAE04EC0-301F-11D3-BF4B-00C04F79EFBC}") = "Rowbot.UnitTests", "test\Rowbot.UnitTests\Rowbot.UnitTests.csproj", "{15ABC23B-ED3A-44BC-AC01-00E98268A997}"
EndProject
Project("{FAE04EC0-301F-11D3-BF4B-00C04F79EFBC}") = "Rowbot.IntegrationTests", "test\Rowbot.IntegrationTests\Rowbot.IntegrationTests.csproj", "{D700A123-F916-432B-BC8B-63A5D6604E3D}"
EndProject
Project("{FAE04EC0-301F-11D3-BF4B-00C04F79EFBC}") = "Rowbot.Connectors.Csv", "src\Rowbot.Connectors.Csv\Rowbot.Connectors.Csv.csproj", "{64647CED-9ED2-40F8-BEDB-4B55E13DCE31}"
EndProject
Project("{FAE04EC0-301F-11D3-BF4B-00C04F79EFBC}") = "Rowbot.Connectors.Json", "src\Rowbot.Connectors.Json\Rowbot.Connectors.Json.csproj", "{AF1B3621-0E67-45ED-AD1D-4F3519F956DB}"
EndProject
Project("{FAE04EC0-301F-11D3-BF4B-00C04F79EFBC}") = "Rowbot.UnitTests.Connectors.Json", "test\Rowbot.UnitTests.Connectors.Json\Rowbot.UnitTests.Connectors.Json.csproj", "{68CE73CA-8641-4119-AC30-2551018B9566}"
EndProject
Project("{FAE04EC0-301F-11D3-BF4B-00C04F79EFBC}") = "Rowbot.Connectors.Sqlite", "src\Rowbot.Connectors.Sqlite\Rowbot.Connectors.Sqlite.csproj", "{ACFDB834-1E79-44B0-B166-1EDF68570F64}"
EndProject
Project("{FAE04EC0-301F-11D3-BF4B-00C04F79EFBC}") = "Rowbot.Connectors.SqlServer", "src\Rowbot.Connectors.SqlServer\Rowbot.Connectors.SqlServer.csproj", "{2A710656-B963-4405-895A-A53A336C3F24}"
EndProject
Project("{FAE04EC0-301F-11D3-BF4B-00C04F79EFBC}") = "Rowbot.Connectors.Http", "src\Rowbot.Connectors.Http\Rowbot.Connectors.Http.csproj", "{E7EF306B-59E9-40F4-8FC0-D52A15C3D9DC}"
EndProject
Global
	GlobalSection(SolutionConfigurationPlatforms) = preSolution
		Debug|Any CPU = Debug|Any CPU
		Release|Any CPU = Release|Any CPU
	EndGlobalSection
	GlobalSection(NestedProjects) = preSolution
		{9E1D7FC7-C0C9-4300-8090-C651C199C14C} = {BE4B133D-1EE7-4BBB-9673-E20163803468}
		{15ABC23B-ED3A-44BC-AC01-00E98268A997} = {28D34799-C8B3-4E72-8F70-9FA0D5BEE21E}
		{D700A123-F916-432B-BC8B-63A5D6604E3D} = {28D34799-C8B3-4E72-8F70-9FA0D5BEE21E}
		{64647CED-9ED2-40F8-BEDB-4B55E13DCE31} = {BE4B133D-1EE7-4BBB-9673-E20163803468}
		{AF1B3621-0E67-45ED-AD1D-4F3519F956DB} = {BE4B133D-1EE7-4BBB-9673-E20163803468}
		{68CE73CA-8641-4119-AC30-2551018B9566} = {28D34799-C8B3-4E72-8F70-9FA0D5BEE21E}
		{ACFDB834-1E79-44B0-B166-1EDF68570F64} = {BE4B133D-1EE7-4BBB-9673-E20163803468}
		{2A710656-B963-4405-895A-A53A336C3F24} = {BE4B133D-1EE7-4BBB-9673-E20163803468}
		{E7EF306B-59E9-40F4-8FC0-D52A15C3D9DC} = {BE4B133D-1EE7-4BBB-9673-E20163803468}
	EndGlobalSection
	GlobalSection(ProjectConfigurationPlatforms) = postSolution
		{9E1D7FC7-C0C9-4300-8090-C651C199C14C}.Debug|Any CPU.ActiveCfg = Debug|Any CPU
		{9E1D7FC7-C0C9-4300-8090-C651C199C14C}.Debug|Any CPU.Build.0 = Debug|Any CPU
		{9E1D7FC7-C0C9-4300-8090-C651C199C14C}.Release|Any CPU.ActiveCfg = Release|Any CPU
		{9E1D7FC7-C0C9-4300-8090-C651C199C14C}.Release|Any CPU.Build.0 = Release|Any CPU
		{15ABC23B-ED3A-44BC-AC01-00E98268A997}.Debug|Any CPU.ActiveCfg = Debug|Any CPU
		{15ABC23B-ED3A-44BC-AC01-00E98268A997}.Debug|Any CPU.Build.0 = Debug|Any CPU
		{15ABC23B-ED3A-44BC-AC01-00E98268A997}.Release|Any CPU.ActiveCfg = Release|Any CPU
		{15ABC23B-ED3A-44BC-AC01-00E98268A997}.Release|Any CPU.Build.0 = Release|Any CPU
		{D700A123-F916-432B-BC8B-63A5D6604E3D}.Debug|Any CPU.ActiveCfg = Debug|Any CPU
		{D700A123-F916-432B-BC8B-63A5D6604E3D}.Debug|Any CPU.Build.0 = Debug|Any CPU
		{D700A123-F916-432B-BC8B-63A5D6604E3D}.Release|Any CPU.ActiveCfg = Release|Any CPU
		{D700A123-F916-432B-BC8B-63A5D6604E3D}.Release|Any CPU.Build.0 = Release|Any CPU
		{64647CED-9ED2-40F8-BEDB-4B55E13DCE31}.Debug|Any CPU.ActiveCfg = Debug|Any CPU
		{64647CED-9ED2-40F8-BEDB-4B55E13DCE31}.Debug|Any CPU.Build.0 = Debug|Any CPU
		{64647CED-9ED2-40F8-BEDB-4B55E13DCE31}.Release|Any CPU.ActiveCfg = Release|Any CPU
		{64647CED-9ED2-40F8-BEDB-4B55E13DCE31}.Release|Any CPU.Build.0 = Release|Any CPU
		{AF1B3621-0E67-45ED-AD1D-4F3519F956DB}.Debug|Any CPU.ActiveCfg = Debug|Any CPU
		{AF1B3621-0E67-45ED-AD1D-4F3519F956DB}.Debug|Any CPU.Build.0 = Debug|Any CPU
		{AF1B3621-0E67-45ED-AD1D-4F3519F956DB}.Release|Any CPU.ActiveCfg = Release|Any CPU
		{AF1B3621-0E67-45ED-AD1D-4F3519F956DB}.Release|Any CPU.Build.0 = Release|Any CPU
		{68CE73CA-8641-4119-AC30-2551018B9566}.Debug|Any CPU.ActiveCfg = Debug|Any CPU
		{68CE73CA-8641-4119-AC30-2551018B9566}.Debug|Any CPU.Build.0 = Debug|Any CPU
		{68CE73CA-8641-4119-AC30-2551018B9566}.Release|Any CPU.ActiveCfg = Release|Any CPU
		{68CE73CA-8641-4119-AC30-2551018B9566}.Release|Any CPU.Build.0 = Release|Any CPU
		{ACFDB834-1E79-44B0-B166-1EDF68570F64}.Debug|Any CPU.ActiveCfg = Debug|Any CPU
		{ACFDB834-1E79-44B0-B166-1EDF68570F64}.Debug|Any CPU.Build.0 = Debug|Any CPU
		{ACFDB834-1E79-44B0-B166-1EDF68570F64}.Release|Any CPU.ActiveCfg = Release|Any CPU
		{ACFDB834-1E79-44B0-B166-1EDF68570F64}.Release|Any CPU.Build.0 = Release|Any CPU
		{2A710656-B963-4405-895A-A53A336C3F24}.Debug|Any CPU.ActiveCfg = Debug|Any CPU
		{2A710656-B963-4405-895A-A53A336C3F24}.Debug|Any CPU.Build.0 = Debug|Any CPU
		{2A710656-B963-4405-895A-A53A336C3F24}.Release|Any CPU.ActiveCfg = Release|Any CPU
		{2A710656-B963-4405-895A-A53A336C3F24}.Release|Any CPU.Build.0 = Release|Any CPU
		{E7EF306B-59E9-40F4-8FC0-D52A15C3D9DC}.Debug|Any CPU.ActiveCfg = Debug|Any CPU
		{E7EF306B-59E9-40F4-8FC0-D52A15C3D9DC}.Debug|Any CPU.Build.0 = Debug|Any CPU
		{E7EF306B-59E9-40F4-8FC0-D52A15C3D9DC}.Release|Any CPU.ActiveCfg = Release|Any CPU
		{E7EF306B-59E9-40F4-8FC0-D52A15C3D9DC}.Release|Any CPU.Build.0 = Release|Any CPU
	EndGlobalSection
EndGlobal
